// !$*UTF8*$!
{
	archiveVersion = 1;
	classes = {
	};
	objectVersion = 77;
	objects = {

/* Begin PBXContainerItemProxy section */
		AC7302602E10E323003ED2A7 /* PBXContainerItemProxy */ = {
			isa = PBXContainerItemProxy;
			containerPortal = AC73024A2E10E321003ED2A7 /* Project object */;
			proxyType = 1;
			remoteGlobalIDString = AC7302512E10E321003ED2A7;
			remoteInfo = TessioSidecarApp;
		};
		AC73026A2E10E323003ED2A7 /* PBXContainerItemProxy */ = {
			isa = PBXContainerItemProxy;
			containerPortal = AC73024A2E10E321003ED2A7 /* Project object */;
			proxyType = 1;
			remoteGlobalIDString = AC7302512E10E321003ED2A7;
			remoteInfo = TessioSidecarApp;
		};
/* End PBXContainerItemProxy section */

/* Begin PBXFileReference section */
		AC7302522E10E321003ED2A7 /* TessioSidecarApp.app */ = {isa = PBXFileReference; explicitFileType = wrapper.application; includeInIndex = 0; path = TessioSidecarApp.app; sourceTree = BUILT_PRODUCTS_DIR; };
		AC73025F2E10E323003ED2A7 /* TessioSidecarAppTests.xctest */ = {isa = PBXFileReference; explicitFileType = wrapper.cfbundle; includeInIndex = 0; path = TessioSidecarAppTests.xctest; sourceTree = BUILT_PRODUCTS_DIR; };
		AC7302692E10E323003ED2A7 /* TessioSidecarAppUITests.xctest */ = {isa = PBXFileReference; explicitFileType = wrapper.cfbundle; includeInIndex = 0; path = TessioSidecarAppUITests.xctest; sourceTree = BUILT_PRODUCTS_DIR; };
/* End PBXFileReference section */

/* Begin PBXFileSystemSynchronizedRootGroup section */
		AC7302542E10E321003ED2A7 /* TessioSidecarApp */ = {
			isa = PBXFileSystemSynchronizedRootGroup;
			path = TessioSidecarApp;
			sourceTree = "<group>";
		};
		AC7302622E10E323003ED2A7 /* TessioSidecarAppTests */ = {
			isa = PBXFileSystemSynchronizedRootGroup;
			path = TessioSidecarAppTests;
			sourceTree = "<group>";
		};
		AC73026C2E10E323003ED2A7 /* TessioSidecarAppUITests */ = {
			isa = PBXFileSystemSynchronizedRootGroup;
			path = TessioSidecarAppUITests;
			sourceTree = "<group>";
		};
/* End PBXFileSystemSynchronizedRootGroup section */

/* Begin PBXFrameworksBuildPhase section */
		AC73024F2E10E321003ED2A7 /* Frameworks */ = {
			isa = PBXFrameworksBuildPhase;
			buildActionMask = 2147483647;
			files = (
			);
			runOnlyForDeploymentPostprocessing = 0;
		};
		AC73025C2E10E323003ED2A7 /* Frameworks */ = {
			isa = PBXFrameworksBuildPhase;
			buildActionMask = 2147483647;
			files = (
			);
			runOnlyForDeploymentPostprocessing = 0;
		};
		AC7302662E10E323003ED2A7 /* Frameworks */ = {
			isa = PBXFrameworksBuildPhase;
			buildActionMask = 2147483647;
			files = (
			);
			runOnlyForDeploymentPostprocessing = 0;
		};
/* End PBXFrameworksBuildPhase section */

/* Begin PBXGroup section */
		AC7302492E10E321003ED2A7 = {
			isa = PBXGroup;
			children = (
				AC7302542E10E321003ED2A7 /* TessioSidecarApp */,
				AC7302622E10E323003ED2A7 /* TessioSidecarAppTests */,
				AC73026C2E10E323003ED2A7 /* TessioSidecarAppUITests */,
				AC7302532E10E321003ED2A7 /* Products */,
			);
			sourceTree = "<group>";
		};
		AC7302532E10E321003ED2A7 /* Products */ = {
			isa = PBXGroup;
			children = (
				AC7302522E10E321003ED2A7 /* TessioSidecarApp.app */,
				AC73025F2E10E323003ED2A7 /* TessioSidecarAppTests.xctest */,
				AC7302692E10E323003ED2A7 /* TessioSidecarAppUITests.xctest */,
			);
			name = Products;
			sourceTree = "<group>";
		};
/* End PBXGroup section */

/* Begin PBXNativeTarget section */
		AC7302512E10E321003ED2A7 /* TessioSidecarApp */ = {
			isa = PBXNativeTarget;
			buildConfigurationList = AC7302732E10E323003ED2A7 /* Build configuration list for PBXNativeTarget "TessioSidecarApp" */;
			buildPhases = (
				AC73024E2E10E321003ED2A7 /* Sources */,
				AC73024F2E10E321003ED2A7 /* Frameworks */,
				AC7302502E10E321003ED2A7 /* Resources */,
			);
			buildRules = (
			);
			dependencies = (
			);
			fileSystemSynchronizedGroups = (
				AC7302542E10E321003ED2A7 /* TessioSidecarApp */,
			);
			name = TessioSidecarApp;
			packageProductDependencies = (
			);
			productName = TessioSidecarApp;
			productReference = AC7302522E10E321003ED2A7 /* TessioSidecarApp.app */;
			productType = "com.apple.product-type.application";
		};
		AC73025E2E10E323003ED2A7 /* TessioSidecarAppTests */ = {
			isa = PBXNativeTarget;
			buildConfigurationList = AC7302762E10E323003ED2A7 /* Build configuration list for PBXNativeTarget "TessioSidecarAppTests" */;
			buildPhases = (
				AC73025B2E10E323003ED2A7 /* Sources */,
				AC73025C2E10E323003ED2A7 /* Frameworks */,
				AC73025D2E10E323003ED2A7 /* Resources */,
			);
			buildRules = (
			);
			dependencies = (
				AC7302612E10E323003ED2A7 /* PBXTargetDependency */,
			);
			fileSystemSynchronizedGroups = (
				AC7302622E10E323003ED2A7 /* TessioSidecarAppTests */,
			);
			name = TessioSidecarAppTests;
			packageProductDependencies = (
			);
			productName = TessioSidecarAppTests;
			productReference = AC73025F2E10E323003ED2A7 /* TessioSidecarAppTests.xctest */;
			productType = "com.apple.product-type.bundle.unit-test";
		};
		AC7302682E10E323003ED2A7 /* TessioSidecarAppUITests */ = {
			isa = PBXNativeTarget;
			buildConfigurationList = AC7302792E10E323003ED2A7 /* Build configuration list for PBXNativeTarget "TessioSidecarAppUITests" */;
			buildPhases = (
				AC7302652E10E323003ED2A7 /* Sources */,
				AC7302662E10E323003ED2A7 /* Frameworks */,
				AC7302672E10E323003ED2A7 /* Resources */,
			);
			buildRules = (
			);
			dependencies = (
				AC73026B2E10E323003ED2A7 /* PBXTargetDependency */,
			);
			fileSystemSynchronizedGroups = (
				AC73026C2E10E323003ED2A7 /* TessioSidecarAppUITests */,
			);
			name = TessioSidecarAppUITests;
			packageProductDependencies = (
			);
			productName = TessioSidecarAppUITests;
			productReference = AC7302692E10E323003ED2A7 /* TessioSidecarAppUITests.xctest */;
			productType = "com.apple.product-type.bundle.ui-testing";
		};
/* End PBXNativeTarget section */

/* Begin PBXProject section */
		AC73024A2E10E321003ED2A7 /* Project object */ = {
			isa = PBXProject;
			attributes = {
				BuildIndependentTargetsInParallel = 1;
				LastSwiftUpdateCheck = 1640;
				LastUpgradeCheck = 1640;
				TargetAttributes = {
					AC7302512E10E321003ED2A7 = {
						CreatedOnToolsVersion = 16.4;
					};
					AC73025E2E10E323003ED2A7 = {
						CreatedOnToolsVersion = 16.4;
						TestTargetID = AC7302512E10E321003ED2A7;
					};
					AC7302682E10E323003ED2A7 = {
						CreatedOnToolsVersion = 16.4;
						TestTargetID = AC7302512E10E321003ED2A7;
					};
				};
			};
			buildConfigurationList = AC73024D2E10E321003ED2A7 /* Build configuration list for PBXProject "TessioSidecarApp" */;
			developmentRegion = en;
			hasScannedForEncodings = 0;
			knownRegions = (
				en,
				Base,
			);
			mainGroup = AC7302492E10E321003ED2A7;
			minimizedProjectReferenceProxies = 1;
			preferredProjectObjectVersion = 77;
			productRefGroup = AC7302532E10E321003ED2A7 /* Products */;
			projectDirPath = "";
			projectRoot = "";
			targets = (
				AC7302512E10E321003ED2A7 /* TessioSidecarApp */,
				AC73025E2E10E323003ED2A7 /* TessioSidecarAppTests */,
				AC7302682E10E323003ED2A7 /* TessioSidecarAppUITests */,
			);
		};
/* End PBXProject section */

/* Begin PBXResourcesBuildPhase section */
		AC7302502E10E321003ED2A7 /* Resources */ = {
			isa = PBXResourcesBuildPhase;
			buildActionMask = 2147483647;
			files = (
			);
			runOnlyForDeploymentPostprocessing = 0;
		};
		AC73025D2E10E323003ED2A7 /* Resources */ = {
			isa = PBXResourcesBuildPhase;
			buildActionMask = 2147483647;
			files = (
			);
			runOnlyForDeploymentPostprocessing = 0;
		};
		AC7302672E10E323003ED2A7 /* Resources */ = {
			isa = PBXResourcesBuildPhase;
			buildActionMask = 2147483647;
			files = (
			);
			runOnlyForDeploymentPostprocessing = 0;
		};
/* End PBXResourcesBuildPhase section */

/* Begin PBXSourcesBuildPhase section */
		AC73024E2E10E321003ED2A7 /* Sources */ = {
			isa = PBXSourcesBuildPhase;
			buildActionMask = 2147483647;
			files = (
			);
			runOnlyForDeploymentPostprocessing = 0;
		};
		AC73025B2E10E323003ED2A7 /* Sources */ = {
			isa = PBXSourcesBuildPhase;
			buildActionMask = 2147483647;
			files = (
			);
			runOnlyForDeploymentPostprocessing = 0;
		};
		AC7302652E10E323003ED2A7 /* Sources */ = {
			isa = PBXSourcesBuildPhase;
			buildActionMask = 2147483647;
			files = (
			);
			runOnlyForDeploymentPostprocessing = 0;
		};
/* End PBXSourcesBuildPhase section */

/* Begin PBXTargetDependency section */
		AC7302612E10E323003ED2A7 /* PBXTargetDependency */ = {
			isa = PBXTargetDependency;
			target = AC7302512E10E321003ED2A7 /* TessioSidecarApp */;
			targetProxy = AC7302602E10E323003ED2A7 /* PBXContainerItemProxy */;
		};
		AC73026B2E10E323003ED2A7 /* PBXTargetDependency */ = {
			isa = PBXTargetDependency;
			target = AC7302512E10E321003ED2A7 /* TessioSidecarApp */;
			targetProxy = AC73026A2E10E323003ED2A7 /* PBXContainerItemProxy */;
		};
/* End PBXTargetDependency section */

/* Begin XCBuildConfiguration section */
		AC7302712E10E323003ED2A7 /* Debug */ = {
			isa = XCBuildConfiguration;
			buildSettings = {
				ALWAYS_SEARCH_USER_PATHS = NO;
				ASSETCATALOG_COMPILER_GENERATE_SWIFT_ASSET_SYMBOL_EXTENSIONS = YES;
				CLANG_ANALYZER_NONNULL = YES;
				CLANG_ANALYZER_NUMBER_OBJECT_CONVERSION = YES_AGGRESSIVE;
				CLANG_CXX_LANGUAGE_STANDARD = "gnu++20";
				CLANG_ENABLE_MODULES = YES;
				CLANG_ENABLE_OBJC_ARC = YES;
				CLANG_ENABLE_OBJC_WEAK = YES;
				CLANG_WARN_BLOCK_CAPTURE_AUTORELEASING = YES;
				CLANG_WARN_BOOL_CONVERSION = YES;
				CLANG_WARN_COMMA = YES;
				CLANG_WARN_CONSTANT_CONVERSION = YES;
				CLANG_WARN_DEPRECATED_OBJC_IMPLEMENTATIONS = YES;
				CLANG_WARN_DIRECT_OBJC_ISA_USAGE = YES_ERROR;
				CLANG_WARN_DOCUMENTATION_COMMENTS = YES;
				CLANG_WARN_EMPTY_BODY = YES;
				CLANG_WARN_ENUM_CONVERSION = YES;
				CLANG_WARN_INFINITE_RECURSION = YES;
				CLANG_WARN_INT_CONVERSION = YES;
				CLANG_WARN_NON_LITERAL_NULL_CONVERSION = YES;
				CLANG_WARN_OBJC_IMPLICIT_RETAIN_SELF = YES;
				CLANG_WARN_OBJC_LITERAL_CONVERSION = YES;
				CLANG_WARN_OBJC_ROOT_CLASS = YES_ERROR;
				CLANG_WARN_QUOTED_INCLUDE_IN_FRAMEWORK_HEADER = YES;
				CLANG_WARN_RANGE_LOOP_ANALYSIS = YES;
				CLANG_WARN_STRICT_PROTOTYPES = YES;
				CLANG_WARN_SUSPICIOUS_MOVE = YES;
				CLANG_WARN_UNGUARDED_AVAILABILITY = YES_AGGRESSIVE;
				CLANG_WARN_UNREACHABLE_CODE = YES;
				CLANG_WARN__DUPLICATE_METHOD_MATCH = YES;
				COPY_PHASE_STRIP = NO;
				DEBUG_INFORMATION_FORMAT = dwarf;
				DEVELOPMENT_TEAM = ULSS85BKSQ;
				ENABLE_STRICT_OBJC_MSGSEND = YES;
				ENABLE_TESTABILITY = YES;
				ENABLE_USER_SCRIPT_SANDBOXING = YES;
				GCC_C_LANGUAGE_STANDARD = gnu17;
				GCC_DYNAMIC_NO_PIC = NO;
				GCC_NO_COMMON_BLOCKS = YES;
				GCC_OPTIMIZATION_LEVEL = 0;
				GCC_PREPROCESSOR_DEFINITIONS = (
					"DEBUG=1",
					"$(inherited)",
				);
				GCC_WARN_64_TO_32_BIT_CONVERSION = YES;
				GCC_WARN_ABOUT_RETURN_TYPE = YES_ERROR;
				GCC_WARN_UNDECLARED_SELECTOR = YES;
				GCC_WARN_UNINITIALIZED_AUTOS = YES_AGGRESSIVE;
				GCC_WARN_UNUSED_FUNCTION = YES;
				GCC_WARN_UNUSED_VARIABLE = YES;
				IPHONEOS_DEPLOYMENT_TARGET = 18.5;
				LOCALIZATION_PREFERS_STRING_CATALOGS = YES;
				MTL_ENABLE_DEBUG_INFO = INCLUDE_SOURCE;
				MTL_FAST_MATH = YES;
				ONLY_ACTIVE_ARCH = YES;
				SDKROOT = iphoneos;
				SWIFT_ACTIVE_COMPILATION_CONDITIONS = "DEBUG $(inherited)";
				SWIFT_OPTIMIZATION_LEVEL = "-Onone";
			};
			name = Debug;
		};
		AC7302722E10E323003ED2A7 /* Release */ = {
			isa = XCBuildConfiguration;
			buildSettings = {
				ALWAYS_SEARCH_USER_PATHS = NO;
				ASSETCATALOG_COMPILER_GENERATE_SWIFT_ASSET_SYMBOL_EXTENSIONS = YES;
				CLANG_ANALYZER_NONNULL = YES;
				CLANG_ANALYZER_NUMBER_OBJECT_CONVERSION = YES_AGGRESSIVE;
				CLANG_CXX_LANGUAGE_STANDARD = "gnu++20";
				CLANG_ENABLE_MODULES = YES;
				CLANG_ENABLE_OBJC_ARC = YES;
				CLANG_ENABLE_OBJC_WEAK = YES;
				CLANG_WARN_BLOCK_CAPTURE_AUTORELEASING = YES;
				CLANG_WARN_BOOL_CONVERSION = YES;
				CLANG_WARN_COMMA = YES;
				CLANG_WARN_CONSTANT_CONVERSION = YES;
				CLANG_WARN_DEPRECATED_OBJC_IMPLEMENTATIONS = YES;
				CLANG_WARN_DIRECT_OBJC_ISA_USAGE = YES_ERROR;
				CLANG_WARN_DOCUMENTATION_COMMENTS = YES;
				CLANG_WARN_EMPTY_BODY = YES;
				CLANG_WARN_ENUM_CONVERSION = YES;
				CLANG_WARN_INFINITE_RECURSION = YES;
				CLANG_WARN_INT_CONVERSION = YES;
				CLANG_WARN_NON_LITERAL_NULL_CONVERSION = YES;
				CLANG_WARN_OBJC_IMPLICIT_RETAIN_SELF = YES;
				CLANG_WARN_OBJC_LITERAL_CONVERSION = YES;
				CLANG_WARN_OBJC_ROOT_CLASS = YES_ERROR;
				CLANG_WARN_QUOTED_INCLUDE_IN_FRAMEWORK_HEADER = YES;
				CLANG_WARN_RANGE_LOOP_ANALYSIS = YES;
				CLANG_WARN_STRICT_PROTOTYPES = YES;
				CLANG_WARN_SUSPICIOUS_MOVE = YES;
				CLANG_WARN_UNGUARDED_AVAILABILITY = YES_AGGRESSIVE;
				CLANG_WARN_UNREACHABLE_CODE = YES;
				CLANG_WARN__DUPLICATE_METHOD_MATCH = YES;
				COPY_PHASE_STRIP = NO;
				DEBUG_INFORMATION_FORMAT = "dwarf-with-dsym";
				DEVELOPMENT_TEAM = ULSS85BKSQ;
				ENABLE_NS_ASSERTIONS = NO;
				ENABLE_STRICT_OBJC_MSGSEND = YES;
				ENABLE_USER_SCRIPT_SANDBOXING = YES;
				GCC_C_LANGUAGE_STANDARD = gnu17;
				GCC_NO_COMMON_BLOCKS = YES;
				GCC_WARN_64_TO_32_BIT_CONVERSION = YES;
				GCC_WARN_ABOUT_RETURN_TYPE = YES_ERROR;
				GCC_WARN_UNDECLARED_SELECTOR = YES;
				GCC_WARN_UNINITIALIZED_AUTOS = YES_AGGRESSIVE;
				GCC_WARN_UNUSED_FUNCTION = YES;
				GCC_WARN_UNUSED_VARIABLE = YES;
				IPHONEOS_DEPLOYMENT_TARGET = 18.5;
				LOCALIZATION_PREFERS_STRING_CATALOGS = YES;
				MTL_ENABLE_DEBUG_INFO = NO;
				MTL_FAST_MATH = YES;
				SDKROOT = iphoneos;
				SWIFT_COMPILATION_MODE = wholemodule;
				VALIDATE_PRODUCT = YES;
			};
			name = Release;
		};
		AC7302742E10E323003ED2A7 /* Debug */ = {
			isa = XCBuildConfiguration;
			buildSettings = {
				ASSETCATALOG_COMPILER_APPICON_NAME = AppIcon;
				ASSETCATALOG_COMPILER_GLOBAL_ACCENT_COLOR_NAME = AccentColor;
				CODE_SIGN_STYLE = Automatic;
				CURRENT_PROJECT_VERSION = 1;
				DEVELOPMENT_TEAM = ULSS85BKSQ;
				ENABLE_PREVIEWS = YES;
				GENERATE_INFOPLIST_FILE = YES;
				INFOPLIST_KEY_UIApplicationSceneManifest_Generation = YES;
				INFOPLIST_KEY_UIApplicationSupportsIndirectInputEvents = YES;
				INFOPLIST_KEY_UILaunchScreen_Generation = YES;
				INFOPLIST_KEY_UISupportedInterfaceOrientations_iPad = "UIInterfaceOrientationPortrait UIInterfaceOrientationPortraitUpsideDown UIInterfaceOrientationLandscapeLeft UIInterfaceOrientationLandscapeRight";
				INFOPLIST_KEY_UISupportedInterfaceOrientations_iPhone = "UIInterfaceOrientationPortrait UIInterfaceOrientationLandscapeLeft UIInterfaceOrientationLandscapeRight";
				LD_RUNPATH_SEARCH_PATHS = (
					"$(inherited)",
					"@executable_path/Frameworks",
				);
				MARKETING_VERSION = 1.0;
				PRODUCT_BUNDLE_IDENTIFIER = Tessio.TessioSidecarApp;
				PRODUCT_NAME = "$(TARGET_NAME)";
				SWIFT_EMIT_LOC_STRINGS = YES;
				SWIFT_VERSION = 5.0;
				TARGETED_DEVICE_FAMILY = "1,2";
			};
			name = Debug;
		};
		AC7302752E10E323003ED2A7 /* Release */ = {
			isa = XCBuildConfiguration;
			buildSettings = {
				ASSETCATALOG_COMPILER_APPICON_NAME = AppIcon;
				ASSETCATALOG_COMPILER_GLOBAL_ACCENT_COLOR_NAME = AccentColor;
				CODE_SIGN_STYLE = Automatic;
				CURRENT_PROJECT_VERSION = 1;
				DEVELOPMENT_TEAM = ULSS85BKSQ;
				ENABLE_PREVIEWS = YES;
				GENERATE_INFOPLIST_FILE = YES;
				INFOPLIST_KEY_UIApplicationSceneManifest_Generation = YES;
				INFOPLIST_KEY_UIApplicationSupportsIndirectInputEvents = YES;
				INFOPLIST_KEY_UILaunchScreen_Generation = YES;
				INFOPLIST_KEY_UISupportedInterfaceOrientations_iPad = "UIInterfaceOrientationPortrait UIInterfaceOrientationPortraitUpsideDown UIInterfaceOrientationLandscapeLeft UIInterfaceOrientationLandscapeRight";
				INFOPLIST_KEY_UISupportedInterfaceOrientations_iPhone = "UIInterfaceOrientationPortrait UIInterfaceOrientationLandscapeLeft UIInterfaceOrientationLandscapeRight";
				LD_RUNPATH_SEARCH_PATHS = (
					"$(inherited)",
					"@executable_path/Frameworks",
				);
				MARKETING_VERSION = 1.0;
				PRODUCT_BUNDLE_IDENTIFIER = Tessio.TessioSidecarApp;
				PRODUCT_NAME = "$(TARGET_NAME)";
				SWIFT_EMIT_LOC_STRINGS = YES;
				SWIFT_VERSION = 5.0;
				TARGETED_DEVICE_FAMILY = "1,2";
			};
			name = Release;
		};
		AC7302772E10E323003ED2A7 /* Debug */ = {
			isa = XCBuildConfiguration;
			buildSettings = {
				BUNDLE_LOADER = "$(TEST_HOST)";
				CODE_SIGN_STYLE = Automatic;
				CURRENT_PROJECT_VERSION = 1;
				DEVELOPMENT_TEAM = ULSS85BKSQ;
				GENERATE_INFOPLIST_FILE = YES;
				IPHONEOS_DEPLOYMENT_TARGET = 18.5;
				MARKETING_VERSION = 1.0;
				PRODUCT_BUNDLE_IDENTIFIER = Tessio.TessioSidecarAppTests;
				PRODUCT_NAME = "$(TARGET_NAME)";
				SWIFT_EMIT_LOC_STRINGS = NO;
				SWIFT_VERSION = 5.0;
				TARGETED_DEVICE_FAMILY = "1,2";
				TEST_HOST = "$(BUILT_PRODUCTS_DIR)/TessioSidecarApp.app/$(BUNDLE_EXECUTABLE_FOLDER_PATH)/TessioSidecarApp";
			};
			name = Debug;
		};
		AC7302782E10E323003ED2A7 /* Release */ = {
			isa = XCBuildConfiguration;
			buildSettings = {
				BUNDLE_LOADER = "$(TEST_HOST)";
				CODE_SIGN_STYLE = Automatic;
				CURRENT_PROJECT_VERSION = 1;
				DEVELOPMENT_TEAM = ULSS85BKSQ;
				GENERATE_INFOPLIST_FILE = YES;
				IPHONEOS_DEPLOYMENT_TARGET = 18.5;
				MARKETING_VERSION = 1.0;
				PRODUCT_BUNDLE_IDENTIFIER = Tessio.TessioSidecarAppTests;
				PRODUCT_NAME = "$(TARGET_NAME)";
				SWIFT_EMIT_LOC_STRINGS = NO;
				SWIFT_VERSION = 5.0;
				TARGETED_DEVICE_FAMILY = "1,2";
				TEST_HOST = "$(BUILT_PRODUCTS_DIR)/TessioSidecarApp.app/$(BUNDLE_EXECUTABLE_FOLDER_PATH)/TessioSidecarApp";
			};
			name = Release;
		};
		AC73027A2E10E323003ED2A7 /* Debug */ = {
			isa = XCBuildConfiguration;
			buildSettings = {
				CODE_SIGN_STYLE = Automatic;
				CURRENT_PROJECT_VERSION = 1;
				DEVELOPMENT_TEAM = ULSS85BKSQ;
				GENERATE_INFOPLIST_FILE = YES;
				MARKETING_VERSION = 1.0;
				PRODUCT_BUNDLE_IDENTIFIER = Tessio.TessioSidecarAppUITests;
				PRODUCT_NAME = "$(TARGET_NAME)";
				SWIFT_EMIT_LOC_STRINGS = NO;
				SWIFT_VERSION = 5.0;
				TARGETED_DEVICE_FAMILY = "1,2";
				TEST_TARGET_NAME = TessioSidecarApp;
			};
			name = Debug;
		};
		AC73027B2E10E323003ED2A7 /* Release */ = {
			isa = XCBuildConfiguration;
			buildSettings = {
				CODE_SIGN_STYLE = Automatic;
				CURRENT_PROJECT_VERSION = 1;
				DEVELOPMENT_TEAM = ULSS85BKSQ;
				GENERATE_INFOPLIST_FILE = YES;
				MARKETING_VERSION = 1.0;
				PRODUCT_BUNDLE_IDENTIFIER = Tessio.TessioSidecarAppUITests;
				PRODUCT_NAME = "$(TARGET_NAME)";
				SWIFT_EMIT_LOC_STRINGS = NO;
				SWIFT_VERSION = 5.0;
				TARGETED_DEVICE_FAMILY = "1,2";
				TEST_TARGET_NAME = TessioSidecarApp;
			};
			name = Release;
		};
/* End XCBuildConfiguration section */

/* Begin XCConfigurationList section */
		AC73024D2E10E321003ED2A7 /* Build configuration list for PBXProject "TessioSidecarApp" */ = {
			isa = XCConfigurationList;
			buildConfigurations = (
				AC7302712E10E323003ED2A7 /* Debug */,
				AC7302722E10E323003ED2A7 /* Release */,
			);
			defaultConfigurationIsVisible = 0;
			defaultConfigurationName = Release;
		};
		AC7302732E10E323003ED2A7 /* Build configuration list for PBXNativeTarget "TessioSidecarApp" */ = {
			isa = XCConfigurationList;
			buildConfigurations = (
				AC7302742E10E323003ED2A7 /* Debug */,
				AC7302752E10E323003ED2A7 /* Release */,
			);
			defaultConfigurationIsVisible = 0;
			defaultConfigurationName = Release;
		};
		AC7302762E10E323003ED2A7 /* Build configuration list for PBXNativeTarget "TessioSidecarAppTests" */ = {
			isa = XCConfigurationList;
			buildConfigurations = (
				AC7302772E10E323003ED2A7 /* Debug */,
				AC7302782E10E323003ED2A7 /* Release */,
			);
			defaultConfigurationIsVisible = 0;
			defaultConfigurationName = Release;
		};
		AC7302792E10E323003ED2A7 /* Build configuration list for PBXNativeTarget "TessioSidecarAppUITests" */ = {
			isa = XCConfigurationList;
			buildConfigurations = (
				AC73027A2E10E323003ED2A7 /* Debug */,
				AC73027B2E10E323003ED2A7 /* Release */,
			);
			defaultConfigurationIsVisible = 0;
			defaultConfigurationName = Release;
		};
/* End XCConfigurationList section */
	};
	rootObject = AC73024A2E10E321003ED2A7 /* Project object */;
}
